
Microsoft Visual Studio Solution File, Format Version 12.00
# Visual Studio Version 17
VisualStudioVersion = 17.1.32319.34
MinimumVisualStudioVersion = 10.0.40219.1
Project("{FAE04EC0-301F-11D3-BF4B-00C04F79EFBC}") = "BasicOop", "BasicOop\BasicOop.csproj", "{256B990A-48D0-4481-997C-320FFC668076}"
EndProject
Project("{FAE04EC0-301F-11D3-BF4B-00C04F79EFBC}") = "DisplayPerson", "DisplayPerson\DisplayPerson.csproj", "{FD2EBDBE-D6D2-4770-8172-1834D0F206CE}"
EndProject
Global
	GlobalSection(SolutionConfigurationPlatforms) = preSolution
		Debug|Any CPU = Debug|Any CPU
		Release|Any CPU = Release|Any CPU
	EndGlobalSection
	GlobalSection(ProjectConfigurationPlatforms) = postSolution
		{256B990A-48D0-4481-997C-320FFC668076}.Debug|Any CPU.ActiveCfg = Debug|Any CPU
		{256B990A-48D0-4481-997C-320FFC668076}.Debug|Any CPU.Build.0 = Debug|Any CPU
		{256B990A-48D0-4481-997C-320FFC668076}.Release|Any CPU.ActiveCfg = Release|Any CPU
		{256B990A-48D0-4481-997C-320FFC668076}.Release|Any CPU.Build.0 = Release|Any CPU
		{FD2EBDBE-D6D2-4770-8172-1834D0F206CE}.Debug|Any CPU.ActiveCfg = Debug|Any CPU
		{FD2EBDBE-D6D2-4770-8172-1834D0F206CE}.Debug|Any CPU.Build.0 = Debug|Any CPU
		{FD2EBDBE-D6D2-4770-8172-1834D0F206CE}.Release|Any CPU.ActiveCfg = Release|Any CPU
		{FD2EBDBE-D6D2-4770-8172-1834D0F206CE}.Release|Any CPU.Build.0 = Release|Any CPU
	EndGlobalSection
	GlobalSection(SolutionProperties) = preSolution
		HideSolutionNode = FALSE
	EndGlobalSection
	GlobalSection(ExtensibilityGlobals) = postSolution
		SolutionGuid = {7A2DEF81-308E-45A3-AF93-D39085909E69}
	EndGlobalSection
EndGlobal
